
Microsoft Visual Studio Solution File, Format Version 12.00
# Visual Studio Version 16
VisualStudioVersion = 16.0.30503.244
MinimumVisualStudioVersion = 10.0.40219.1
Project("{FAE04EC0-301F-11D3-BF4B-00C04F79EFBC}") = "homeworkQUAKE", "homeworkQUAKE\homeworkQUAKE.csproj", "{BCC2F65D-8AEA-4086-947A-1BF1F5937738}"
EndProject
Global
	GlobalSection(SolutionConfigurationPlatforms) = preSolution
		Debug|Any CPU = Debug|Any CPU
		Release|Any CPU = Release|Any CPU
	EndGlobalSection
	GlobalSection(ProjectConfigurationPlatforms) = postSolution
		{BCC2F65D-8AEA-4086-947A-1BF1F5937738}.Debug|Any CPU.ActiveCfg = Debug|Any CPU
		{BCC2F65D-8AEA-4086-947A-1BF1F5937738}.Debug|Any CPU.Build.0 = Debug|Any CPU
		{BCC2F65D-8AEA-4086-947A-1BF1F5937738}.Release|Any CPU.ActiveCfg = Release|Any CPU
		{BCC2F65D-8AEA-4086-947A-1BF1F5937738}.Release|Any CPU.Build.0 = Release|Any CPU
	EndGlobalSection
	GlobalSection(SolutionProperties) = preSolution
		HideSolutionNode = FALSE
	EndGlobalSection
	GlobalSection(ExtensibilityGlobals) = postSolution
		SolutionGuid = {6967BB45-6F4E-4A2A-817E-E15DF226D667}
	EndGlobalSection
EndGlobal
